{
  "name": "node",
  "version": "1.0.0",
  "lockfileVersion": 3,
  "requires": true,
  "packages": {
    "": {
      "name": "node",
      "version": "1.0.0",
      "license": "ISC",
      "dependencies": {
        "http": "^0.0.1-security",
        "marvel-comics-characters": "^1.1.1",
        "superheroes": "^4.0.0"
      }
    },
    "node_modules/http": {
      "version": "0.0.1-security",
      "resolved": "https://registry.npmjs.org/http/-/http-0.0.1-security.tgz",
      "integrity": "sha512-RnDvP10Ty9FxqOtPZuxtebw1j4L/WiqNMDtuc1YMH1XQm5TgDRaR1G9u8upL6KD1bXHSp9eSXo/ED+8Q7FAr+g=="
    },
    "node_modules/marvel-comics-characters": {
      "version": "1.1.1",
      "resolved": "https://registry.npmjs.org/marvel-comics-characters/-/marvel-comics-characters-1.1.1.tgz",
      "integrity": "sha512-Ge+iw507ShYyDE7ggr7bNWR2KHZ6MJ6pbC+M7zfEy7Z3UF/QspTRg13zZxOqjwANtd+R+xg3SLjqgE2rcG7ySw==",
      "license": "MIT",
      "dependencies": {
        "unique-random-array": "1.0.0"
      }
    },
    "node_modules/marvel-comics-characters/node_modules/unique-random": {
      "version": "1.0.0",
      "resolved": "https://registry.npmjs.org/unique-random/-/unique-random-1.0.0.tgz",
      "integrity": "sha512-K1sUkPf9EXCZFNIlMCoX4icAqcvkR4FMPH4Z61HbyiWhQl1ZGo0zYeV2bJmocK8Cp6tnKYrCnpkeKGebXZoRTQ==",
      "license": "MIT",
      "engines": {
        "node": ">=0.10.0"
      }
    },
    "node_modules/marvel-comics-characters/node_modules/unique-random-array": {
      "version": "1.0.0",
      "resolved": "https://registry.npmjs.org/unique-random-array/-/unique-random-array-1.0.0.tgz",
      "integrity": "sha512-vtj2yltjcHPa69nFjNJ3xnhsEwE8pMyjqUQDw2myz/iSezqf4YCAcygwFQEsOgMid5VNW/dCPbnb2BcmaDCCKg==",
      "license": "MIT",
      "dependencies": {
        "unique-random": "^1.0.0"
      },
      "engines": {
        "node": ">=0.10.0"
      }
    },
    "node_modules/superheroes": {
      "version": "4.0.0",
      "resolved": "https://registry.npmjs.org/superheroes/-/superheroes-4.0.0.tgz",
      "integrity": "sha512-7t1XlXcVOINyeglmHjyFGki70IwSKom3FGkC6ZtWO0NovY9M0L7d48kmZtJMOifFLLC5E5nrCZ5YvlW+Z0KKEA==",
      "license": "MIT",
      "dependencies": {
        "unique-random-array": "^3.0.0"
      },
      "engines": {
        "node": ">=18.20"
      },
      "funding": {
        "url": "https://github.com/sponsors/sindresorhus"
      }
    },
    "node_modules/unique-random": {
      "version": "3.0.0",
      "resolved": "https://registry.npmjs.org/unique-random/-/unique-random-3.0.0.tgz",
      "integrity": "sha512-4vjtE3pH6xO5OmsSmjc6KPgHy2rbCw66BbMRLIyXkuq+WzOKA1oNkqQ+Y7Lh+sE0DrOrWMSpFkivhhzCF7J6HA==",
      "license": "MIT",
      "engines": {
        "node": ">=12"
      },
      "funding": {
        "url": "https://github.com/sponsors/sindresorhus"
      }
    },
    "node_modules/unique-random-array": {
      "version": "3.0.0",
      "resolved": "https://registry.npmjs.org/unique-random-array/-/unique-random-array-3.0.0.tgz",
      "integrity": "sha512-AETNmMf8dV7VfCu4pM5SO1nKkZZp3lZsbHk9VxkvR2ZjMYy4mzWwzez0g+ZtYIr+RaVH+UN8A003E7woM/ud7Q==",
      "license": "MIT",
      "dependencies": {
        "unique-random": "^3.0.0"
      },
      "engines": {
        "node": ">=12"
      },
      "funding": {
        "url": "https://github.com/sponsors/sindresorhus"
      }
    }
  }
}
